<?xml version="1.0" encoding="utf-8"?>
<Project ToolsVersion="4.0" xmlns="http://schemas.microsoft.com/developer/msbuild/2003">
  <ItemGroup>
    <ClCompile Include="audio.cpp" />
    <ClCompile Include="BattleSystem.cpp" />
    <ClCompile Include="dinosaur.cpp" />
    <ClCompile Include="entity.cpp" />
    <ClCompile Include="fireM.cpp" />
    <ClCompile Include="game.cpp" />
    <ClCompile Include="graphics.cpp" />
    <ClCompile Include="grassM.cpp" />
    <ClCompile Include="image.cpp" />
    <ClCompile Include="input.cpp" />
    <ClCompile Include="GroveMon.cpp" />
    <ClCompile Include="lizard.cpp" />
    <ClCompile Include="textDX.cpp" />
    <ClCompile Include="textureManager.cpp" />
    <ClCompile Include="turtle.cpp" />
    <ClCompile Include="waterM.cpp" />
    <ClCompile Include="winmain.cpp" />
    <ClCompile Include="Monster.cpp" />
    <ClCompile Include="fireball.cpp" />
    <ClCompile Include="wave.cpp" />
    <ClCompile Include="buff.cpp" />
    <ClCompile Include="weaken.cpp" />
    <ClCompile Include="restore.cpp" />
    <ClCompile Include="leafcut.cpp" />
    <ClCompile Include="Axe Twerk.cpp" />
    <ClCompile Include="leer.cpp">
      <Filter>headers</Filter>
    </ClCompile>
  </ItemGroup>
  <ItemGroup>
    <ClInclude Include="audio.h">
      <Filter>headers</Filter>
    </ClInclude>
    <ClInclude Include="constants.h">
      <Filter>headers</Filter>
    </ClInclude>
    <ClInclude Include="BattleSystem.h">
      <Filter>headers</Filter>
    </ClInclude>
    <ClInclude Include="dinosaur.h">
      <Filter>headers</Filter>
    </ClInclude>
    <ClInclude Include="entity.h">
      <Filter>headers</Filter>
    </ClInclude>
    <ClInclude Include="fireM.h">
      <Filter>headers</Filter>
    </ClInclude>
    <ClInclude Include="game.h">
      <Filter>headers</Filter>
    </ClInclude>
    <ClInclude Include="graphics.h">
      <Filter>headers</Filter>
    </ClInclude>
    <ClInclude Include="grassM.h">
      <Filter>headers</Filter>
    </ClInclude>
    <ClInclude Include="image.h">
      <Filter>headers</Filter>
    </ClInclude>
    <ClInclude Include="GroveMon.h">
      <Filter>headers</Filter>
    </ClInclude>
    <ClInclude Include="input.h">
      <Filter>headers</Filter>
    </ClInclude>
    <ClInclude Include="lizard.h">
      <Filter>headers</Filter>
    </ClInclude>
    <ClInclude Include="Monster.h">
      <Filter>headers</Filter>
    </ClInclude>
    <ClInclude Include="Skill.h">
      <Filter>headers</Filter>
    </ClInclude>
    <ClInclude Include="textDX.h">
      <Filter>headers</Filter>
    </ClInclude>
    <ClInclude Include="textureManager.h">
      <Filter>headers</Filter>
    </ClInclude>
    <ClInclude Include="turtle.h">
      <Filter>headers</Filter>
    </ClInclude>
    <ClInclude Include="waterM.h">
      <Filter>headers</Filter>
    </ClInclude>
    <ClInclude Include="fireball.h">
      <Filter>headers</Filter>
    </ClInclude>
    <ClInclude Include="restore.h">
      <Filter>headers</Filter>
    </ClInclude>
    <ClInclude Include="weaken.h">
      <Filter>headers</Filter>
    </ClInclude>
    <ClInclude Include="buff.h">
      <Filter>headers</Filter>
    </ClInclude>
    <ClInclude Include="wave.h">
      <Filter>headers</Filter>
    </ClInclude>
    <ClInclude Include="leafcut.h">
      <Filter>headers</Filter>
    </ClInclude>
    <ClInclude Include="AxeTwerk.h">
      <Filter>headers</Filter>
    </ClInclude>
    <ClInclude Include="leer.h">
      <Filter>headers</Filter>
    </ClInclude>
  </ItemGroup>
  <ItemGroup>
    <Filter Include="headers">
      <UniqueIdentifier>{a9e68ece-49df-45e0-9d14-5eacb969e638}</UniqueIdentifier>
    </Filter>
  </ItemGroup>
</Project>